// !$*UTF8*$!
{
	archiveVersion = 1;
	classes = {
	};
	objectVersion = 56;
	objects = {

/* Begin PBXBuildFile section */
		62127B722B493800008D2656 /* SparksApp.swift in Sources */ = {isa = PBXBuildFile; fileRef = 62127B712B493800008D2656 /* SparksApp.swift */; };
		62127B762B493800008D2656 /* Assets.xcassets in Resources */ = {isa = PBXBuildFile; fileRef = 62127B752B493800008D2656 /* Assets.xcassets */; };
		62127B792B493800008D2656 /* Preview Assets.xcassets in Resources */ = {isa = PBXBuildFile; fileRef = 62127B782B493800008D2656 /* Preview Assets.xcassets */; };
		62127B802B493832008D2656 /* ListView.swift in Sources */ = {isa = PBXBuildFile; fileRef = 62127B7F2B493832008D2656 /* ListView.swift */; };
		62127B832B493947008D2656 /* SparksDataModel.xcdatamodeld in Sources */ = {isa = PBXBuildFile; fileRef = 62127B812B493947008D2656 /* SparksDataModel.xcdatamodeld */; };
		62127B852B493A64008D2656 /* Spark.swift in Sources */ = {isa = PBXBuildFile; fileRef = 62127B842B493A64008D2656 /* Spark.swift */; };
		62127B872B493C2D008D2656 /* CoreDataManager.swift in Sources */ = {isa = PBXBuildFile; fileRef = 62127B862B493C2D008D2656 /* CoreDataManager.swift */; };
		62127B892B4941E8008D2656 /* ListRowView.swift in Sources */ = {isa = PBXBuildFile; fileRef = 62127B882B4941E8008D2656 /* ListRowView.swift */; };
		62127B8B2B49442C008D2656 /* AddAndEditViewModel.swift in Sources */ = {isa = PBXBuildFile; fileRef = 62127B8A2B49442C008D2656 /* AddAndEditViewModel.swift */; };
		62127B8D2B494827008D2656 /* AddAndEditSheetView.swift in Sources */ = {isa = PBXBuildFile; fileRef = 62127B8C2B494827008D2656 /* AddAndEditSheetView.swift */; };
		62127B942B4A9ACD008D2656 /* NoListView.swift in Sources */ = {isa = PBXBuildFile; fileRef = 62127B932B4A9ACD008D2656 /* NoListView.swift */; };
		621A24AA2B4BA1C3002E1DC2 /* Haptic.swift in Sources */ = {isa = PBXBuildFile; fileRef = 621A24A92B4BA1C3002E1DC2 /* Haptic.swift */; };
		621A24AC2B4BDCAF002E1DC2 /* SettingView.swift in Sources */ = {isa = PBXBuildFile; fileRef = 621A24AB2B4BDCAF002E1DC2 /* SettingView.swift */; };
		621A24AE2B4BDD16002E1DC2 /* SettingRowView.swift in Sources */ = {isa = PBXBuildFile; fileRef = 621A24AD2B4BDD16002E1DC2 /* SettingRowView.swift */; };
		621A24B32B4BE181002E1DC2 /* SettingSheetView.swift in Sources */ = {isa = PBXBuildFile; fileRef = 621A24B22B4BE181002E1DC2 /* SettingSheetView.swift */; };
		621A24B52B4BE254002E1DC2 /* SettingViewData.swift in Sources */ = {isa = PBXBuildFile; fileRef = 621A24B42B4BE254002E1DC2 /* SettingViewData.swift */; };
		621A24B82B4C1F5F002E1DC2 /* LockedView.swift in Sources */ = {isa = PBXBuildFile; fileRef = 621A24B72B4C1F5F002E1DC2 /* LockedView.swift */; };
/* End PBXBuildFile section */

/* Begin PBXFileReference section */
		62127B6E2B493800008D2656 /* Sparks.app */ = {isa = PBXFileReference; explicitFileType = wrapper.application; includeInIndex = 0; path = Sparks.app; sourceTree = BUILT_PRODUCTS_DIR; };
		62127B712B493800008D2656 /* SparksApp.swift */ = {isa = PBXFileReference; lastKnownFileType = sourcecode.swift; path = SparksApp.swift; sourceTree = "<group>"; };
		62127B752B493800008D2656 /* Assets.xcassets */ = {isa = PBXFileReference; lastKnownFileType = folder.assetcatalog; path = Assets.xcassets; sourceTree = "<group>"; };
		62127B782B493800008D2656 /* Preview Assets.xcassets */ = {isa = PBXFileReference; lastKnownFileType = folder.assetcatalog; path = "Preview Assets.xcassets"; sourceTree = "<group>"; };
		62127B7F2B493832008D2656 /* ListView.swift */ = {isa = PBXFileReference; lastKnownFileType = sourcecode.swift; path = ListView.swift; sourceTree = "<group>"; };
		62127B822B493947008D2656 /* ListsDataModel.xcdatamodel */ = {isa = PBXFileReference; lastKnownFileType = wrapper.xcdatamodel; path = ListsDataModel.xcdatamodel; sourceTree = "<group>"; };
		62127B842B493A64008D2656 /* Spark.swift */ = {isa = PBXFileReference; lastKnownFileType = sourcecode.swift; path = Spark.swift; sourceTree = "<group>"; };
		62127B862B493C2D008D2656 /* CoreDataManager.swift */ = {isa = PBXFileReference; lastKnownFileType = sourcecode.swift; path = CoreDataManager.swift; sourceTree = "<group>"; };
		62127B882B4941E8008D2656 /* ListRowView.swift */ = {isa = PBXFileReference; lastKnownFileType = sourcecode.swift; path = ListRowView.swift; sourceTree = "<group>"; };
		62127B8A2B49442C008D2656 /* AddAndEditViewModel.swift */ = {isa = PBXFileReference; lastKnownFileType = sourcecode.swift; path = AddAndEditViewModel.swift; sourceTree = "<group>"; };
		62127B8C2B494827008D2656 /* AddAndEditSheetView.swift */ = {isa = PBXFileReference; lastKnownFileType = sourcecode.swift; path = AddAndEditSheetView.swift; sourceTree = "<group>"; };
		62127B932B4A9ACD008D2656 /* NoListView.swift */ = {isa = PBXFileReference; lastKnownFileType = sourcecode.swift; path = NoListView.swift; sourceTree = "<group>"; };
		621A24A92B4BA1C3002E1DC2 /* Haptic.swift */ = {isa = PBXFileReference; lastKnownFileType = sourcecode.swift; path = Haptic.swift; sourceTree = "<group>"; };
		621A24AB2B4BDCAF002E1DC2 /* SettingView.swift */ = {isa = PBXFileReference; lastKnownFileType = sourcecode.swift; path = SettingView.swift; sourceTree = "<group>"; };
		621A24AD2B4BDD16002E1DC2 /* SettingRowView.swift */ = {isa = PBXFileReference; lastKnownFileType = sourcecode.swift; path = SettingRowView.swift; sourceTree = "<group>"; };
		621A24B22B4BE181002E1DC2 /* SettingSheetView.swift */ = {isa = PBXFileReference; lastKnownFileType = sourcecode.swift; path = SettingSheetView.swift; sourceTree = "<group>"; };
		621A24B42B4BE254002E1DC2 /* SettingViewData.swift */ = {isa = PBXFileReference; lastKnownFileType = sourcecode.swift; path = SettingViewData.swift; sourceTree = "<group>"; };
		621A24B72B4C1F5F002E1DC2 /* LockedView.swift */ = {isa = PBXFileReference; lastKnownFileType = sourcecode.swift; path = LockedView.swift; sourceTree = "<group>"; };
		62807E8A2B502FAE003142B8 /* Info.plist */ = {isa = PBXFileReference; lastKnownFileType = text.plist; path = Info.plist; sourceTree = "<group>"; };
/* End PBXFileReference section */

/* Begin PBXFrameworksBuildPhase section */
		62127B6B2B493800008D2656 /* Frameworks */ = {
			isa = PBXFrameworksBuildPhase;
			buildActionMask = 2147483647;
			files = (
			);
			runOnlyForDeploymentPostprocessing = 0;
		};
/* End PBXFrameworksBuildPhase section */

/* Begin PBXGroup section */
		62127B652B493800008D2656 = {
			isa = PBXGroup;
			children = (
				62127B702B493800008D2656 /* Sparks */,
				62127B6F2B493800008D2656 /* Products */,
			);
			sourceTree = "<group>";
		};
		62127B6F2B493800008D2656 /* Products */ = {
			isa = PBXGroup;
			children = (
				62127B6E2B493800008D2656 /* Sparks.app */,
			);
			name = Products;
			sourceTree = "<group>";
		};
		62127B702B493800008D2656 /* Sparks */ = {
			isa = PBXGroup;
			children = (
				62807E8A2B502FAE003142B8 /* Info.plist */,
				62127B712B493800008D2656 /* SparksApp.swift */,
				62127B812B493947008D2656 /* SparksDataModel.xcdatamodeld */,
				62127B862B493C2D008D2656 /* CoreDataManager.swift */,
				621A24A92B4BA1C3002E1DC2 /* Haptic.swift */,
				62127B922B4A9A50008D2656 /* View */,
				62127B912B4A9A3B008D2656 /* ViewModel */,
				62127B902B4A9A15008D2656 /* Model */,
				62127B752B493800008D2656 /* Assets.xcassets */,
				62127B772B493800008D2656 /* Preview Content */,
			);
			path = Sparks;
			sourceTree = "<group>";
		};
		62127B772B493800008D2656 /* Preview Content */ = {
			isa = PBXGroup;
			children = (
				62127B782B493800008D2656 /* Preview Assets.xcassets */,
			);
			path = "Preview Content";
			sourceTree = "<group>";
		};
		62127B902B4A9A15008D2656 /* Model */ = {
			isa = PBXGroup;
			children = (
				62127B842B493A64008D2656 /* Spark.swift */,
			);
			path = Model;
			sourceTree = "<group>";
		};
		62127B912B4A9A3B008D2656 /* ViewModel */ = {
			isa = PBXGroup;
			children = (
				62127B8A2B49442C008D2656 /* AddAndEditViewModel.swift */,
			);
			path = ViewModel;
			sourceTree = "<group>";
		};
		62127B922B4A9A50008D2656 /* View */ = {
			isa = PBXGroup;
			children = (
				62127B932B4A9ACD008D2656 /* NoListView.swift */,
				621A24B62B4BF231002E1DC2 /* ListView */,
				621A24AF2B4BE10D002E1DC2 /* SettingView */,
				621A24B72B4C1F5F002E1DC2 /* LockedView.swift */,
			);
			path = View;
			sourceTree = "<group>";
		};
		621A24AF2B4BE10D002E1DC2 /* SettingView */ = {
			isa = PBXGroup;
			children = (
				621A24AB2B4BDCAF002E1DC2 /* SettingView.swift */,
				621A24AD2B4BDD16002E1DC2 /* SettingRowView.swift */,
				621A24B22B4BE181002E1DC2 /* SettingSheetView.swift */,
				621A24B42B4BE254002E1DC2 /* SettingViewData.swift */,
			);
			path = SettingView;
			sourceTree = "<group>";
		};
		621A24B62B4BF231002E1DC2 /* ListView */ = {
			isa = PBXGroup;
			children = (
				62127B7F2B493832008D2656 /* ListView.swift */,
				62127B882B4941E8008D2656 /* ListRowView.swift */,
				62127B8C2B494827008D2656 /* AddAndEditSheetView.swift */,
			);
			path = ListView;
			sourceTree = "<group>";
		};
/* End PBXGroup section */

/* Begin PBXNativeTarget section */
		62127B6D2B493800008D2656 /* Sparks */ = {
			isa = PBXNativeTarget;
			buildConfigurationList = 62127B7C2B493800008D2656 /* Build configuration list for PBXNativeTarget "Sparks" */;
			buildPhases = (
				62127B6A2B493800008D2656 /* Sources */,
				62127B6B2B493800008D2656 /* Frameworks */,
				62127B6C2B493800008D2656 /* Resources */,
			);
			buildRules = (
			);
			dependencies = (
			);
			name = Sparks;
			productName = Sparks;
			productReference = 62127B6E2B493800008D2656 /* Sparks.app */;
			productType = "com.apple.product-type.application";
		};
/* End PBXNativeTarget section */

/* Begin PBXProject section */
		62127B662B493800008D2656 /* Project object */ = {
			isa = PBXProject;
			attributes = {
				BuildIndependentTargetsInParallel = 1;
				LastSwiftUpdateCheck = 1430;
				LastUpgradeCheck = 1430;
				TargetAttributes = {
					62127B6D2B493800008D2656 = {
						CreatedOnToolsVersion = 14.3.1;
					};
				};
			};
			buildConfigurationList = 62127B692B493800008D2656 /* Build configuration list for PBXProject "Sparks" */;
			compatibilityVersion = "Xcode 14.0";
			developmentRegion = en;
			hasScannedForEncodings = 0;
			knownRegions = (
				en,
				Base,
			);
			mainGroup = 62127B652B493800008D2656;
			productRefGroup = 62127B6F2B493800008D2656 /* Products */;
			projectDirPath = "";
			projectRoot = "";
			targets = (
				62127B6D2B493800008D2656 /* Sparks */,
			);
		};
/* End PBXProject section */

/* Begin PBXResourcesBuildPhase section */
		62127B6C2B493800008D2656 /* Resources */ = {
			isa = PBXResourcesBuildPhase;
			buildActionMask = 2147483647;
			files = (
				62127B792B493800008D2656 /* Preview Assets.xcassets in Resources */,
				62127B762B493800008D2656 /* Assets.xcassets in Resources */,
			);
			runOnlyForDeploymentPostprocessing = 0;
		};
/* End PBXResourcesBuildPhase section */

/* Begin PBXSourcesBuildPhase section */
		62127B6A2B493800008D2656 /* Sources */ = {
			isa = PBXSourcesBuildPhase;
			buildActionMask = 2147483647;
			files = (
				62127B942B4A9ACD008D2656 /* NoListView.swift in Sources */,
				62127B872B493C2D008D2656 /* CoreDataManager.swift in Sources */,
				62127B892B4941E8008D2656 /* ListRowView.swift in Sources */,
				62127B8B2B49442C008D2656 /* AddAndEditViewModel.swift in Sources */,
				62127B832B493947008D2656 /* SparksDataModel.xcdatamodeld in Sources */,
				62127B8D2B494827008D2656 /* AddAndEditSheetView.swift in Sources */,
				621A24B82B4C1F5F002E1DC2 /* LockedView.swift in Sources */,
				621A24AA2B4BA1C3002E1DC2 /* Haptic.swift in Sources */,
				621A24B52B4BE254002E1DC2 /* SettingViewData.swift in Sources */,
				621A24B32B4BE181002E1DC2 /* SettingSheetView.swift in Sources */,
				62127B722B493800008D2656 /* SparksApp.swift in Sources */,
				621A24AE2B4BDD16002E1DC2 /* SettingRowView.swift in Sources */,
				62127B802B493832008D2656 /* ListView.swift in Sources */,
				62127B852B493A64008D2656 /* Spark.swift in Sources */,
				621A24AC2B4BDCAF002E1DC2 /* SettingView.swift in Sources */,
			);
			runOnlyForDeploymentPostprocessing = 0;
		};
/* End PBXSourcesBuildPhase section */

/* Begin XCBuildConfiguration section */
		62127B7A2B493800008D2656 /* Debug */ = {
			isa = XCBuildConfiguration;
			buildSettings = {
				ALWAYS_SEARCH_USER_PATHS = NO;
				CLANG_ANALYZER_NONNULL = YES;
				CLANG_ANALYZER_NUMBER_OBJECT_CONVERSION = YES_AGGRESSIVE;
				CLANG_CXX_LANGUAGE_STANDARD = "gnu++20";
				CLANG_ENABLE_MODULES = YES;
				CLANG_ENABLE_OBJC_ARC = YES;
				CLANG_ENABLE_OBJC_WEAK = YES;
				CLANG_WARN_BLOCK_CAPTURE_AUTORELEASING = YES;
				CLANG_WARN_BOOL_CONVERSION = YES;
				CLANG_WARN_COMMA = YES;
				CLANG_WARN_CONSTANT_CONVERSION = YES;
				CLANG_WARN_DEPRECATED_OBJC_IMPLEMENTATIONS = YES;
				CLANG_WARN_DIRECT_OBJC_ISA_USAGE = YES_ERROR;
				CLANG_WARN_DOCUMENTATION_COMMENTS = YES;
				CLANG_WARN_EMPTY_BODY = YES;
				CLANG_WARN_ENUM_CONVERSION = YES;
				CLANG_WARN_INFINITE_RECURSION = YES;
				CLANG_WARN_INT_CONVERSION = YES;
				CLANG_WARN_NON_LITERAL_NULL_CONVERSION = YES;
				CLANG_WARN_OBJC_IMPLICIT_RETAIN_SELF = YES;
				CLANG_WARN_OBJC_LITERAL_CONVERSION = YES;
				CLANG_WARN_OBJC_ROOT_CLASS = YES_ERROR;
				CLANG_WARN_QUOTED_INCLUDE_IN_FRAMEWORK_HEADER = YES;
				CLANG_WARN_RANGE_LOOP_ANALYSIS = YES;
				CLANG_WARN_STRICT_PROTOTYPES = YES;
				CLANG_WARN_SUSPICIOUS_MOVE = YES;
				CLANG_WARN_UNGUARDED_AVAILABILITY = YES_AGGRESSIVE;
				CLANG_WARN_UNREACHABLE_CODE = YES;
				CLANG_WARN__DUPLICATE_METHOD_MATCH = YES;
				COPY_PHASE_STRIP = NO;
				DEBUG_INFORMATION_FORMAT = dwarf;
				ENABLE_STRICT_OBJC_MSGSEND = YES;
				ENABLE_TESTABILITY = YES;
				GCC_C_LANGUAGE_STANDARD = gnu11;
				GCC_DYNAMIC_NO_PIC = NO;
				GCC_NO_COMMON_BLOCKS = YES;
				GCC_OPTIMIZATION_LEVEL = 0;
				GCC_PREPROCESSOR_DEFINITIONS = (
					"DEBUG=1",
					"$(inherited)",
				);
				GCC_WARN_64_TO_32_BIT_CONVERSION = YES;
				GCC_WARN_ABOUT_RETURN_TYPE = YES_ERROR;
				GCC_WARN_UNDECLARED_SELECTOR = YES;
				GCC_WARN_UNINITIALIZED_AUTOS = YES_AGGRESSIVE;
				GCC_WARN_UNUSED_FUNCTION = YES;
				GCC_WARN_UNUSED_VARIABLE = YES;
				IPHONEOS_DEPLOYMENT_TARGET = 16.4;
				MTL_ENABLE_DEBUG_INFO = INCLUDE_SOURCE;
				MTL_FAST_MATH = YES;
				ONLY_ACTIVE_ARCH = YES;
				SDKROOT = iphoneos;
				SWIFT_ACTIVE_COMPILATION_CONDITIONS = DEBUG;
				SWIFT_OPTIMIZATION_LEVEL = "-Onone";
			};
			name = Debug;
		};
		62127B7B2B493800008D2656 /* Release */ = {
			isa = XCBuildConfiguration;
			buildSettings = {
				ALWAYS_SEARCH_USER_PATHS = NO;
				CLANG_ANALYZER_NONNULL = YES;
				CLANG_ANALYZER_NUMBER_OBJECT_CONVERSION = YES_AGGRESSIVE;
				CLANG_CXX_LANGUAGE_STANDARD = "gnu++20";
				CLANG_ENABLE_MODULES = YES;
				CLANG_ENABLE_OBJC_ARC = YES;
				CLANG_ENABLE_OBJC_WEAK = YES;
				CLANG_WARN_BLOCK_CAPTURE_AUTORELEASING = YES;
				CLANG_WARN_BOOL_CONVERSION = YES;
				CLANG_WARN_COMMA = YES;
				CLANG_WARN_CONSTANT_CONVERSION = YES;
				CLANG_WARN_DEPRECATED_OBJC_IMPLEMENTATIONS = YES;
				CLANG_WARN_DIRECT_OBJC_ISA_USAGE = YES_ERROR;
				CLANG_WARN_DOCUMENTATION_COMMENTS = YES;
				CLANG_WARN_EMPTY_BODY = YES;
				CLANG_WARN_ENUM_CONVERSION = YES;
				CLANG_WARN_INFINITE_RECURSION = YES;
				CLANG_WARN_INT_CONVERSION = YES;
				CLANG_WARN_NON_LITERAL_NULL_CONVERSION = YES;
				CLANG_WARN_OBJC_IMPLICIT_RETAIN_SELF = YES;
				CLANG_WARN_OBJC_LITERAL_CONVERSION = YES;
				CLANG_WARN_OBJC_ROOT_CLASS = YES_ERROR;
				CLANG_WARN_QUOTED_INCLUDE_IN_FRAMEWORK_HEADER = YES;
				CLANG_WARN_RANGE_LOOP_ANALYSIS = YES;
				CLANG_WARN_STRICT_PROTOTYPES = YES;
				CLANG_WARN_SUSPICIOUS_MOVE = YES;
				CLANG_WARN_UNGUARDED_AVAILABILITY = YES_AGGRESSIVE;
				CLANG_WARN_UNREACHABLE_CODE = YES;
				CLANG_WARN__DUPLICATE_METHOD_MATCH = YES;
				COPY_PHASE_STRIP = NO;
				DEBUG_INFORMATION_FORMAT = "dwarf-with-dsym";
				ENABLE_NS_ASSERTIONS = NO;
				ENABLE_STRICT_OBJC_MSGSEND = YES;
				GCC_C_LANGUAGE_STANDARD = gnu11;
				GCC_NO_COMMON_BLOCKS = YES;
				GCC_WARN_64_TO_32_BIT_CONVERSION = YES;
				GCC_WARN_ABOUT_RETURN_TYPE = YES_ERROR;
				GCC_WARN_UNDECLARED_SELECTOR = YES;
				GCC_WARN_UNINITIALIZED_AUTOS = YES_AGGRESSIVE;
				GCC_WARN_UNUSED_FUNCTION = YES;
				GCC_WARN_UNUSED_VARIABLE = YES;
				IPHONEOS_DEPLOYMENT_TARGET = 16.4;
				MTL_ENABLE_DEBUG_INFO = NO;
				MTL_FAST_MATH = YES;
				SDKROOT = iphoneos;
				SWIFT_COMPILATION_MODE = wholemodule;
				SWIFT_OPTIMIZATION_LEVEL = "-O";
				VALIDATE_PRODUCT = YES;
			};
			name = Release;
		};
		62127B7D2B493800008D2656 /* Debug */ = {
			isa = XCBuildConfiguration;
			buildSettings = {
				ASSETCATALOG_COMPILER_APPICON_NAME = AppIcon;
				ASSETCATALOG_COMPILER_GLOBAL_ACCENT_COLOR_NAME = AccentColor;
				CODE_SIGN_STYLE = Automatic;
				CURRENT_PROJECT_VERSION = 1;
				DEVELOPMENT_ASSET_PATHS = "\"Sparks/Preview Content\"";
				DEVELOPMENT_TEAM = ML2CJSB2YZ;
				ENABLE_PREVIEWS = YES;
				GENERATE_INFOPLIST_FILE = YES;
				INFOPLIST_FILE = Sparks/Info.plist;
				INFOPLIST_KEY_CFBundleDisplayName = "";
				INFOPLIST_KEY_LSApplicationCategoryType = "";
				INFOPLIST_KEY_NSFaceIDUsageDescription = "解锁应用";
				INFOPLIST_KEY_UIApplicationSceneManifest_Generation = YES;
				INFOPLIST_KEY_UIApplicationSupportsIndirectInputEvents = YES;
				INFOPLIST_KEY_UILaunchScreen_Generation = YES;
				INFOPLIST_KEY_UISupportedInterfaceOrientations = UIInterfaceOrientationPortrait;
				INFOPLIST_KEY_UISupportedInterfaceOrientations_iPad = "UIInterfaceOrientationLandscapeLeft UIInterfaceOrientationLandscapeRight UIInterfaceOrientationPortrait UIInterfaceOrientationPortraitUpsideDown";
				IPHONEOS_DEPLOYMENT_TARGET = 16.0;
				LD_RUNPATH_SEARCH_PATHS = (
					"$(inherited)",
					"@executable_path/Frameworks",
				);
				MARKETING_VERSION = 1.0;
				PRODUCT_BUNDLE_IDENTIFIER = com.jjh.Sparks;
				PRODUCT_NAME = "$(TARGET_NAME)";
				SWIFT_EMIT_LOC_STRINGS = YES;
				SWIFT_VERSION = 5.0;
				TARGETED_DEVICE_FAMILY = "1,2";
			};
			name = Debug;
		};
		62127B7E2B493800008D2656 /* Release */ = {
			isa = XCBuildConfiguration;
			buildSettings = {
				ASSETCATALOG_COMPILER_APPICON_NAME = AppIcon;
				ASSETCATALOG_COMPILER_GLOBAL_ACCENT_COLOR_NAME = AccentColor;
				CODE_SIGN_STYLE = Automatic;
				CURRENT_PROJECT_VERSION = 1;
				DEVELOPMENT_ASSET_PATHS = "\"Sparks/Preview Content\"";
				DEVELOPMENT_TEAM = ML2CJSB2YZ;
				ENABLE_PREVIEWS = YES;
				GENERATE_INFOPLIST_FILE = YES;
				INFOPLIST_FILE = Sparks/Info.plist;
				INFOPLIST_KEY_CFBundleDisplayName = "";
				INFOPLIST_KEY_LSApplicationCategoryType = "";
				INFOPLIST_KEY_NSFaceIDUsageDescription = "解锁应用";
				INFOPLIST_KEY_UIApplicationSceneManifest_Generation = YES;
				INFOPLIST_KEY_UIApplicationSupportsIndirectInputEvents = YES;
				INFOPLIST_KEY_UILaunchScreen_Generation = YES;
				INFOPLIST_KEY_UISupportedInterfaceOrientations = UIInterfaceOrientationPortrait;
				INFOPLIST_KEY_UISupportedInterfaceOrientations_iPad = "UIInterfaceOrientationLandscapeLeft UIInterfaceOrientationLandscapeRight UIInterfaceOrientationPortrait UIInterfaceOrientationPortraitUpsideDown";
				IPHONEOS_DEPLOYMENT_TARGET = 16.0;
				LD_RUNPATH_SEARCH_PATHS = (
					"$(inherited)",
					"@executable_path/Frameworks",
				);
				MARKETING_VERSION = 1.0;
				PRODUCT_BUNDLE_IDENTIFIER = com.jjh.Sparks;
				PRODUCT_NAME = "$(TARGET_NAME)";
				SWIFT_EMIT_LOC_STRINGS = YES;
				SWIFT_VERSION = 5.0;
				TARGETED_DEVICE_FAMILY = "1,2";
			};
			name = Release;
		};
/* End XCBuildConfiguration section */

/* Begin XCConfigurationList section */
		62127B692B493800008D2656 /* Build configuration list for PBXProject "Sparks" */ = {
			isa = XCConfigurationList;
			buildConfigurations = (
				62127B7A2B493800008D2656 /* Debug */,
				62127B7B2B493800008D2656 /* Release */,
			);
			defaultConfigurationIsVisible = 0;
			defaultConfigurationName = Release;
		};
		62127B7C2B493800008D2656 /* Build configuration list for PBXNativeTarget "Sparks" */ = {
			isa = XCConfigurationList;
			buildConfigurations = (
				62127B7D2B493800008D2656 /* Debug */,
				62127B7E2B493800008D2656 /* Release */,
			);
			defaultConfigurationIsVisible = 0;
			defaultConfigurationName = Release;
		};
/* End XCConfigurationList section */

/* Begin XCVersionGroup section */
		62127B812B493947008D2656 /* SparksDataModel.xcdatamodeld */ = {
			isa = XCVersionGroup;
			children = (
				62127B822B493947008D2656 /* ListsDataModel.xcdatamodel */,
			);
			currentVersion = 62127B822B493947008D2656 /* ListsDataModel.xcdatamodel */;
			path = SparksDataModel.xcdatamodeld;
			sourceTree = "<group>";
			versionGroupType = wrapper.xcdatamodel;
		};
/* End XCVersionGroup section */
	};
	rootObject = 62127B662B493800008D2656 /* Project object */;
}
